# This file is autogenerated, do not edit; changes may be undone by the next 'dep ensure'.


[[projects]]
  name = "github.com/q3k/goveralls"
  packages = ["."]
  revision = "789b29cb81d4de953738cec0fbaefa8af2ff4ea2"
  version = "v0.1.0"

[[projects]]
  branch = "master"
  name = "golang.org/x/tools"
  packages = ["cover"]
  revision = "2ddaf7f79a0937ffa9072ede7b696fd084abfe86"

[solve-meta]
  analyzer-name = "dep"
  analyzer-version = 1
  inputs-digest = "faf69919fd82c5a38d4e020f839fc6fb660a9fbc874a1ef3df1b230d42e81dee"
  solver-name = "gps-cdcl"
  solver-version = 1
